
Microsoft Visual Studio Solution File, Format Version 12.00
# Visual Studio 15
VisualStudioVersion = 15.0.28307.271
MinimumVisualStudioVersion = 10.0.40219.1
Project("{FAE04EC0-301F-11D3-BF4B-00C04F79EFBC}") = "Newsletters", "Newsletters\Newsletters.csproj", "{7ED9A4EE-4BAF-420E-BEE2-A1B639210F33}"
EndProject
Global
	GlobalSection(SolutionConfigurationPlatforms) = preSolution
		Debug|Any CPU = Debug|Any CPU
		Release|Any CPU = Release|Any CPU
	EndGlobalSection
	GlobalSection(ProjectConfigurationPlatforms) = postSolution
		{7ED9A4EE-4BAF-420E-BEE2-A1B639210F33}.Debug|Any CPU.ActiveCfg = Debug|Any CPU
		{7ED9A4EE-4BAF-420E-BEE2-A1B639210F33}.Debug|Any CPU.Build.0 = Debug|Any CPU
		{7ED9A4EE-4BAF-420E-BEE2-A1B639210F33}.Release|Any CPU.ActiveCfg = Release|Any CPU
		{7ED9A4EE-4BAF-420E-BEE2-A1B639210F33}.Release|Any CPU.Build.0 = Release|Any CPU
	EndGlobalSection
	GlobalSection(SolutionProperties) = preSolution
		HideSolutionNode = FALSE
	EndGlobalSection
	GlobalSection(ExtensibilityGlobals) = postSolution
		SolutionGuid = {3147DB11-3C65-402E-9E7D-4572EA0BC457}
	EndGlobalSection
EndGlobal
